
Microsoft Visual Studio Solution File, Format Version 12.00
# Visual Studio Version 16
VisualStudioVersion = 16.0.31515.178
MinimumVisualStudioVersion = 10.0.40219.1
Project("{8BC9CEB8-8B4A-11D0-8D11-00A0C91BC942}") = "client", "client\client.vcxproj", "{CDA7A4B9-EE49-4476-98D1-FC596AC58084}"
EndProject
Project("{8BC9CEB8-8B4A-11D0-8D11-00A0C91BC942}") = "server", "server\server.vcxproj", "{98B17940-4298-4B12-BA7F-F6870DF5C042}"
EndProject
Project("{2150E333-8FDC-42A3-9474-1A3956D46DE8}") = "NewFolder1", "NewFolder1", "{76F81493-9648-41FD-B7CF-5558EB5444CE}"
	ProjectSection(SolutionItems) = preProject
		glsl\alpha2coverage.h = glsl\alpha2coverage.h
		glsl\bloom_fp.glsl = glsl\bloom_fp.glsl
		glsl\blurmip_fp.glsl = glsl\blurmip_fp.glsl
		glsl\bmodeldecal_fp.glsl = glsl\bmodeldecal_fp.glsl
		glsl\bmodeldecal_vp.glsl = glsl\bmodeldecal_vp.glsl
		glsl\bmodeldepth_vp.glsl = glsl\bmodeldepth_vp.glsl
		glsl\bmodeldlight_fp.glsl = glsl\bmodeldlight_fp.glsl
		glsl\bmodeldlight_vp.glsl = glsl\bmodeldlight_vp.glsl
		glsl\bmodelsolid_fp.glsl = glsl\bmodelsolid_fp.glsl
		glsl\bmodelsolid_vp.glsl = glsl\bmodelsolid_vp.glsl
		glsl\const.h = glsl\const.h
		glsl\cubemap.h = glsl\cubemap.h
		glsl\deluxemap.h = glsl\deluxemap.h
		glsl\drawshafts_fp.glsl = glsl\drawshafts_fp.glsl
		glsl\drawssao_fp.glsl = glsl\drawssao_fp.glsl
		glsl\emboss.h = glsl\emboss.h
		glsl\enhance_fp.glsl = glsl\enhance_fp.glsl
		glsl\gaussblur_fp.glsl = glsl\gaussblur_fp.glsl
		glsl\generate_exposure_fp.glsl = glsl\generate_exposure_fp.glsl
		glsl\generate_luminance_fp.glsl = glsl\generate_luminance_fp.glsl
		glsl\generic_fp.glsl = glsl\generic_fp.glsl
		glsl\generic_vp.glsl = glsl\generic_vp.glsl
		glsl\genericdlight_fp.glsl = glsl\genericdlight_fp.glsl
		glsl\genericdlight_vp.glsl = glsl\genericdlight_vp.glsl
		glsl\genshafts_fp.glsl = glsl\genshafts_fp.glsl
		glsl\genssao_fp.glsl = glsl\genssao_fp.glsl
		glsl\glitch_fp.glsl = glsl\glitch_fp.glsl
		glsl\grassdepth_vp.glsl = glsl\grassdepth_vp.glsl
		glsl\grassdlight_fp.glsl = glsl\grassdlight_fp.glsl
		glsl\grassdlight_vp.glsl = glsl\grassdlight_vp.glsl
		glsl\grasssolid_fp.glsl = glsl\grasssolid_fp.glsl
		glsl\grasssolid_vp.glsl = glsl\grasssolid_vp.glsl
		glsl\horizontalblur_fp.glsl = glsl\horizontalblur_fp.glsl
		glsl\interior.h = glsl\interior.h
		glsl\mathlib.h = glsl\mathlib.h
		glsl\matrix.h = glsl\matrix.h
		glsl\monochrome_fp.glsl = glsl\monochrome_fp.glsl
		glsl\motionblur_fp.glsl = glsl\motionblur_fp.glsl
		glsl\screen.h = glsl\screen.h
		glsl\screenwater_fp.glsl = glsl\screenwater_fp.glsl
		glsl\shadow_omni.h = glsl\shadow_omni.h
		glsl\shadow_proj.h = glsl\shadow_proj.h
		glsl\skinning.h = glsl\skinning.h
		glsl\skybox_fp.glsl = glsl\skybox_fp.glsl
		glsl\specular.h = glsl\specular.h
		glsl\studiodecal_fp.glsl = glsl\studiodecal_fp.glsl
		glsl\studiodecal_vp.glsl = glsl\studiodecal_vp.glsl
		glsl\studiodepth_vp.glsl = glsl\studiodepth_vp.glsl
		glsl\studiodlight_fp.glsl = glsl\studiodlight_fp.glsl
		glsl\studiodlight_vp.glsl = glsl\studiodlight_vp.glsl
		glsl\studiosolid_fp.glsl = glsl\studiosolid_fp.glsl
		glsl\studiosolid_vp.glsl = glsl\studiosolid_vp.glsl
		glsl\terrain.h = glsl\terrain.h
		glsl\texfetch.h = glsl\texfetch.h
		glsl\tnbasis.h = glsl\tnbasis.h
		glsl\tonemap_fp.glsl = glsl\tonemap_fp.glsl
		glsl\waterdrops_fp.glsl = glsl\waterdrops_fp.glsl
	EndProjectSection
EndProject
Global
	GlobalSection(SolutionConfigurationPlatforms) = preSolution
		Debug|x86 = Debug|x86
		Release|x86 = Release|x86
	EndGlobalSection
	GlobalSection(ProjectConfigurationPlatforms) = postSolution
		{CDA7A4B9-EE49-4476-98D1-FC596AC58084}.Debug|x86.ActiveCfg = Debug|Win32
		{CDA7A4B9-EE49-4476-98D1-FC596AC58084}.Debug|x86.Build.0 = Debug|Win32
		{CDA7A4B9-EE49-4476-98D1-FC596AC58084}.Release|x86.ActiveCfg = Release|Win32
		{CDA7A4B9-EE49-4476-98D1-FC596AC58084}.Release|x86.Build.0 = Release|Win32
		{98B17940-4298-4B12-BA7F-F6870DF5C042}.Debug|x86.ActiveCfg = Debug|Win32
		{98B17940-4298-4B12-BA7F-F6870DF5C042}.Debug|x86.Build.0 = Debug|Win32
		{98B17940-4298-4B12-BA7F-F6870DF5C042}.Release|x86.ActiveCfg = Release|Win32
		{98B17940-4298-4B12-BA7F-F6870DF5C042}.Release|x86.Build.0 = Release|Win32
	EndGlobalSection
	GlobalSection(SolutionProperties) = preSolution
		HideSolutionNode = FALSE
	EndGlobalSection
	GlobalSection(ExtensibilityGlobals) = postSolution
		SolutionGuid = {1340F9AF-0991-474A-9696-994118D304E6}
	EndGlobalSection
EndGlobal
