<?xml version="1.0" encoding="utf-8"?>
<Project ToolsVersion="4.0" xmlns="http://schemas.microsoft.com/developer/msbuild/2003">
  <ItemGroup>
    <Filter Include="Source Files">
      <UniqueIdentifier>{1c0c5a4c-f8bb-4b15-8b8d-38de21479363}</UniqueIdentifier>
      <Extensions>cpp;c;cxx;rc;def;r;odl;idl;hpj;bat;for;f90</Extensions>
    </Filter>
    <Filter Include="Header Files">
      <UniqueIdentifier>{5a268447-6cf0-4e10-82ed-8008f10e07ec}</UniqueIdentifier>
      <Extensions>h;hpp;hxx;hm;inl</Extensions>
    </Filter>
    <Filter Include="Source Files\monsters">
      <UniqueIdentifier>{0b30fd94-259a-40dc-bcd3-d7b6dea1afe1}</UniqueIdentifier>
    </Filter>
    <Filter Include="Source Files\weapons">
      <UniqueIdentifier>{c6bd91b5-010a-4235-ab54-ce77560d004e}</UniqueIdentifier>
    </Filter>
    <Filter Include="Source Files\game">
      <UniqueIdentifier>{12236abf-4711-433c-b5ca-dc4d12496e47}</UniqueIdentifier>
    </Filter>
    <Filter Include="Source Files\entities">
      <UniqueIdentifier>{5aea44e9-ff02-42ec-a4b8-e8e810b1a7c8}</UniqueIdentifier>
    </Filter>
    <Filter Include="Source Files\monsters\entities">
      <UniqueIdentifier>{f6f3ac4c-926f-49cb-93d9-f4517fb8f0b6}</UniqueIdentifier>
    </Filter>
    <Filter Include="Source Files\physics">
      <UniqueIdentifier>{0a47372c-3818-49f7-9d65-43dee8992944}</UniqueIdentifier>
    </Filter>
    <Filter Include="Source Files\bot">
      <UniqueIdentifier>{907595da-b86b-468f-a4f5-830ea2673f9a}</UniqueIdentifier>
    </Filter>
  </ItemGroup>
  <ItemGroup>
    <ClCompile Include="monsters\animating.cpp">
      <Filter>Source Files</Filter>
    </ClCompile>
    <ClCompile Include="monsters\animation.cpp">
      <Filter>Source Files</Filter>
    </ClCompile>
    <ClCompile Include="..\game_shared\bone_setup.cpp">
      <Filter>Source Files</Filter>
    </ClCompile>
    <ClCompile Include="cbase.cpp">
      <Filter>Source Files</Filter>
    </ClCompile>
    <ClCompile Include="..\game_shared\common.cpp">
      <Filter>Source Files</Filter>
    </ClCompile>
    <ClCompile Include="dll_int.cpp">
      <Filter>Source Files</Filter>
    </ClCompile>
    <ClCompile Include="explode.cpp">
      <Filter>Source Files</Filter>
    </ClCompile>
    <ClCompile Include="..\game_shared\ikcontext.cpp">
      <Filter>Source Files</Filter>
    </ClCompile>
    <ClCompile Include="lights.cpp">
      <Filter>Source Files</Filter>
    </ClCompile>
    <ClCompile Include="..\game_shared\mathlib.cpp">
      <Filter>Source Files</Filter>
    </ClCompile>
    <ClCompile Include="..\game_shared\matrix.cpp">
      <Filter>Source Files</Filter>
    </ClCompile>
    <ClCompile Include="..\game_shared\plane.cpp">
      <Filter>Source Files</Filter>
    </ClCompile>
    <ClCompile Include="monsters\playermonster.cpp">
      <Filter>Source Files</Filter>
    </ClCompile>
    <ClCompile Include="..\game_shared\playermove.cpp">
      <Filter>Source Files</Filter>
    </ClCompile>
    <ClCompile Include="sound.cpp">
      <Filter>Source Files</Filter>
    </ClCompile>
    <ClCompile Include="monsters\spritemonster.cpp">
      <Filter>Source Files</Filter>
    </ClCompile>
    <ClCompile Include="..\game_shared\stringlib.cpp">
      <Filter>Source Files</Filter>
    </ClCompile>
    <ClCompile Include="strings.cpp">
      <Filter>Source Files</Filter>
    </ClCompile>
    <ClCompile Include="subs.cpp">
      <Filter>Source Files</Filter>
    </ClCompile>
    <ClCompile Include="monsters\turret.cpp">
      <Filter>Source Files</Filter>
    </ClCompile>
    <ClCompile Include="util.cpp">
      <Filter>Source Files</Filter>
    </ClCompile>
    <ClCompile Include="..\game_shared\vector.cpp">
      <Filter>Source Files</Filter>
    </ClCompile>
    <ClCompile Include="world.cpp">
      <Filter>Source Files</Filter>
    </ClCompile>
    <ClCompile Include="monsters\genericmonster.cpp">
      <Filter>Source Files\monsters</Filter>
    </ClCompile>
    <ClCompile Include="monsters\flyingmonster.cpp">
      <Filter>Source Files\monsters</Filter>
    </ClCompile>
    <ClCompile Include="weapons\weapons.cpp">
      <Filter>Source Files\weapons</Filter>
    </ClCompile>
    <ClCompile Include="weapons\weapon_shotgun.cpp">
      <Filter>Source Files\weapons</Filter>
    </ClCompile>
    <ClCompile Include="weapons\weapon_sentry.cpp">
      <Filter>Source Files\weapons</Filter>
    </ClCompile>
    <ClCompile Include="weapons\weapon_beretta.cpp">
      <Filter>Source Files\weapons</Filter>
    </ClCompile>
    <ClCompile Include="weapons\weapon_knife.cpp">
      <Filter>Source Files\weapons</Filter>
    </ClCompile>
    <ClCompile Include="weapons\weapon_hkmp5.cpp">
      <Filter>Source Files\weapons</Filter>
    </ClCompile>
    <ClCompile Include="weapons\weapon_handgrenade.cpp">
      <Filter>Source Files\weapons</Filter>
    </ClCompile>
    <ClCompile Include="weapons\weapon_gausniper.cpp">
      <Filter>Source Files\weapons</Filter>
    </ClCompile>
    <ClCompile Include="weapons\weapon_fiveseven.cpp">
      <Filter>Source Files\weapons</Filter>
    </ClCompile>
    <ClCompile Include="weapons\weapon_drone.cpp">
      <Filter>Source Files\weapons</Filter>
    </ClCompile>
    <ClCompile Include="weapons\weapon_deagle.cpp">
      <Filter>Source Files\weapons</Filter>
    </ClCompile>
    <ClCompile Include="weapons\weapon_crossbow.cpp">
      <Filter>Source Files\weapons</Filter>
    </ClCompile>
    <ClCompile Include="weapons\weapon_mrc.cpp">
      <Filter>Source Files\weapons</Filter>
    </ClCompile>
    <ClCompile Include="weapons\weapon_ar2.cpp">
      <Filter>Source Files\weapons</Filter>
    </ClCompile>
    <ClCompile Include="weapons\tripmine.cpp">
      <Filter>Source Files\weapons</Filter>
    </ClCompile>
    <ClCompile Include="game\defaultai.cpp">
      <Filter>Source Files\game</Filter>
    </ClCompile>
    <ClCompile Include="game\game.cpp">
      <Filter>Source Files\game</Filter>
    </ClCompile>
    <ClCompile Include="game\gamerules.cpp">
      <Filter>Source Files\game</Filter>
    </ClCompile>
    <ClCompile Include="game\globals.cpp">
      <Filter>Source Files\game</Filter>
    </ClCompile>
    <ClCompile Include="monsters\h_ai.cpp">
      <Filter>Source Files\monsters</Filter>
    </ClCompile>
    <ClCompile Include="monsters\monstermaker.cpp">
      <Filter>Source Files\monsters</Filter>
    </ClCompile>
    <ClCompile Include="monsters\monsters.cpp">
      <Filter>Source Files\monsters</Filter>
    </ClCompile>
    <ClCompile Include="monsters\monsterstate.cpp">
      <Filter>Source Files\monsters</Filter>
    </ClCompile>
    <ClCompile Include="game\rules_multiplayer.cpp">
      <Filter>Source Files\game</Filter>
    </ClCompile>
    <ClCompile Include="weapons\ggrenade.cpp">
      <Filter>Source Files\weapons</Filter>
    </ClCompile>
    <ClCompile Include="entities\env_electrified_wire.cpp">
      <Filter>Source Files\entities</Filter>
    </ClCompile>
    <ClCompile Include="entities\func_door.cpp">
      <Filter>Source Files\entities</Filter>
    </ClCompile>
    <ClCompile Include="entities\env_rope.cpp">
      <Filter>Source Files\entities</Filter>
    </ClCompile>
    <ClCompile Include="entities\func_tank.cpp">
      <Filter>Source Files\entities</Filter>
    </ClCompile>
    <ClCompile Include="entities\func_monitor.cpp">
      <Filter>Source Files\entities</Filter>
    </ClCompile>
    <ClCompile Include="entities\ents_cyclers.cpp">
      <Filter>Source Files\entities</Filter>
    </ClCompile>
    <ClCompile Include="weapons\weapon_rpg.cpp">
      <Filter>Source Files\weapons</Filter>
    </ClCompile>
    <ClCompile Include="weapons\weapon_satchel.cpp">
      <Filter>Source Files\weapons</Filter>
    </ClCompile>
    <ClCompile Include="entities\shock_beam.cpp">
      <Filter>Source Files\entities</Filter>
    </ClCompile>
    <ClCompile Include="monsters\tempmonster.cpp">
      <Filter>Source Files\monsters</Filter>
    </ClCompile>
    <ClCompile Include="monsters\talkmonster.cpp">
      <Filter>Source Files\monsters</Filter>
    </ClCompile>
    <ClCompile Include="monsters\entities\monster_alien_controller.cpp">
      <Filter>Source Files\monsters\entities</Filter>
    </ClCompile>
    <ClCompile Include="monsters\entities\monster_apache.cpp">
      <Filter>Source Files\monsters\entities</Filter>
    </ClCompile>
    <ClCompile Include="monsters\entities\monster_barney.cpp">
      <Filter>Source Files\monsters\entities</Filter>
    </ClCompile>
    <ClCompile Include="monsters\entities\monster_flyer_flock.cpp">
      <Filter>Source Files\monsters\entities</Filter>
    </ClCompile>
    <ClCompile Include="monsters\entities\monster_human_assassin.cpp">
      <Filter>Source Files\monsters\entities</Filter>
    </ClCompile>
    <ClCompile Include="monsters\entities\monster_human_grunt.cpp">
      <Filter>Source Files\monsters\entities</Filter>
    </ClCompile>
    <ClCompile Include="monsters\entities\monster_leech.cpp">
      <Filter>Source Files\monsters\entities</Filter>
    </ClCompile>
    <ClCompile Include="monsters\entities\monster_vortigaunt.cpp">
      <Filter>Source Files\monsters\entities</Filter>
    </ClCompile>
    <ClCompile Include="monsters\entities\monster_gargantua.cpp">
      <Filter>Source Files\monsters\entities</Filter>
    </ClCompile>
    <ClCompile Include="entities\mortar.cpp">
      <Filter>Source Files\entities</Filter>
    </ClCompile>
    <ClCompile Include="monsters\entities\monster_rat.cpp">
      <Filter>Source Files\monsters\entities</Filter>
    </ClCompile>
    <ClCompile Include="monsters\entities\monster_scientist.cpp">
      <Filter>Source Files\monsters\entities</Filter>
    </ClCompile>
    <ClCompile Include="entities\ents_xen_flora.cpp">
      <Filter>Source Files\entities</Filter>
    </ClCompile>
    <ClCompile Include="game\saverestore.cpp">
      <Filter>Source Files\game</Filter>
    </ClCompile>
    <ClCompile Include="game\rules_singleplayer.cpp">
      <Filter>Source Files\game</Filter>
    </ClCompile>
    <ClCompile Include="game\spectator.cpp">
      <Filter>Source Files\game</Filter>
    </ClCompile>
    <ClCompile Include="game\observer.cpp">
      <Filter>Source Files\game</Filter>
    </ClCompile>
    <ClCompile Include="game\rules_teamplay.cpp">
      <Filter>Source Files\game</Filter>
    </ClCompile>
    <ClCompile Include="game\client.cpp">
      <Filter>Source Files\game</Filter>
    </ClCompile>
    <ClCompile Include="game\combat.cpp">
      <Filter>Source Files\game</Filter>
    </ClCompile>
    <ClCompile Include="entities\func_physbox.cpp">
      <Filter>Source Files\entities</Filter>
    </ClCompile>
    <ClCompile Include="entities\ents_items.cpp">
      <Filter>Source Files\entities</Filter>
    </ClCompile>
    <ClCompile Include="monsters\entities\monster_osprey.cpp">
      <Filter>Source Files\monsters\entities</Filter>
    </ClCompile>
    <ClCompile Include="monsters\nodes.cpp">
      <Filter>Source Files\monsters</Filter>
    </ClCompile>
    <ClCompile Include="game\mapents.cpp">
      <Filter>Source Files\game</Filter>
    </ClCompile>
    <ClCompile Include="entities\ents_game.cpp">
      <Filter>Source Files\entities</Filter>
    </ClCompile>
    <ClCompile Include="entities\soundent.cpp">
      <Filter>Source Files\entities</Filter>
    </ClCompile>
    <ClCompile Include="entities\path_track.cpp">
      <Filter>Source Files\entities</Filter>
    </ClCompile>
    <ClCompile Include="game\baseplayer.cpp">
      <Filter>Source Files\game</Filter>
    </ClCompile>
    <ClCompile Include="entities\func_friction.cpp">
      <Filter>Source Files\entities</Filter>
    </ClCompile>
    <ClCompile Include="entities\train_setspeed.cpp">
      <Filter>Source Files\entities</Filter>
    </ClCompile>
    <ClCompile Include="entities\conveyor_setspeed.cpp">
      <Filter>Source Files\entities</Filter>
    </ClCompile>
    <ClCompile Include="entities\trigger_auto.cpp">
      <Filter>Source Files\entities</Filter>
    </ClCompile>
    <ClCompile Include="entities\trigger_relay.cpp">
      <Filter>Source Files\entities</Filter>
    </ClCompile>
    <ClCompile Include="entities\multi_manager.cpp">
      <Filter>Source Files\entities</Filter>
    </ClCompile>
    <ClCompile Include="entities\multi_watcher.cpp">
      <Filter>Source Files\entities</Filter>
    </ClCompile>
    <ClCompile Include="entities\multi_switcher.cpp">
      <Filter>Source Files\entities</Filter>
    </ClCompile>
    <ClCompile Include="entities\env_render.cpp">
      <Filter>Source Files\entities</Filter>
    </ClCompile>
    <ClCompile Include="entities\env_customize.cpp">
      <Filter>Source Files\entities</Filter>
    </ClCompile>
    <ClCompile Include="entities\basetrigger.cpp">
      <Filter>Source Files\entities</Filter>
    </ClCompile>
    <ClCompile Include="entities\trigger_monsterjump.cpp">
      <Filter>Source Files\entities</Filter>
    </ClCompile>
    <ClCompile Include="entities\trigger_cdaudio.cpp">
      <Filter>Source Files\entities</Filter>
    </ClCompile>
    <ClCompile Include="entities\trigger_hurt.cpp">
      <Filter>Source Files\entities</Filter>
    </ClCompile>
    <ClCompile Include="entities\trigger_multiple.cpp">
      <Filter>Source Files\entities</Filter>
    </ClCompile>
    <ClCompile Include="entities\trigger_inout.cpp">
      <Filter>Source Files\entities</Filter>
    </ClCompile>
    <ClCompile Include="entities\trigger_gravity_field.cpp">
      <Filter>Source Files\entities</Filter>
    </ClCompile>
    <ClCompile Include="entities\trigger_dsp_zone.cpp">
      <Filter>Source Files\entities</Filter>
    </ClCompile>
    <ClCompile Include="entities\trigger_counter.cpp">
      <Filter>Source Files\entities</Filter>
    </ClCompile>
    <ClCompile Include="entities\changelevel.cpp">
      <Filter>Source Files\entities</Filter>
    </ClCompile>
    <ClCompile Include="entities\func_ladder.cpp">
      <Filter>Source Files\entities</Filter>
    </ClCompile>
    <ClCompile Include="entities\trigger_push.cpp">
      <Filter>Source Files\entities</Filter>
    </ClCompile>
    <ClCompile Include="entities\trigger_bounce.cpp">
      <Filter>Source Files\entities</Filter>
    </ClCompile>
    <ClCompile Include="entities\trigger_onsight.cpp">
      <Filter>Source Files\entities</Filter>
    </ClCompile>
    <ClCompile Include="entities\trigger_teleport.cpp">
      <Filter>Source Files\entities</Filter>
    </ClCompile>
    <ClCompile Include="entities\trigger_autosave.cpp">
      <Filter>Source Files\entities</Filter>
    </ClCompile>
    <ClCompile Include="entities\trigger_endsection.cpp">
      <Filter>Source Files\entities</Filter>
    </ClCompile>
    <ClCompile Include="entities\trigger_gravity.cpp">
      <Filter>Source Files\entities</Filter>
    </ClCompile>
    <ClCompile Include="entities\trigger_playerfreeze.cpp">
      <Filter>Source Files\entities</Filter>
    </ClCompile>
    <ClCompile Include="entities\trigger_startpatrol.cpp">
      <Filter>Source Files\entities</Filter>
    </ClCompile>
    <ClCompile Include="entities\trigger_changetarget.cpp">
      <Filter>Source Files\entities</Filter>
    </ClCompile>
    <ClCompile Include="entities\trigger_changeparent.cpp">
      <Filter>Source Files\entities</Filter>
    </ClCompile>
    <ClCompile Include="entities\trigger_camera.cpp">
      <Filter>Source Files\entities</Filter>
    </ClCompile>
    <ClCompile Include="entities\generator.cpp">
      <Filter>Source Files\entities</Filter>
    </ClCompile>
    <ClCompile Include="entities\trigger_command.cpp">
      <Filter>Source Files\entities</Filter>
    </ClCompile>
    <ClCompile Include="entities\trigger_impulse.cpp">
      <Filter>Source Files\entities</Filter>
    </ClCompile>
    <ClCompile Include="entities\trigger_teleport_point.cpp">
      <Filter>Source Files\entities</Filter>
    </ClCompile>
    <ClCompile Include="entities\trigger_health.cpp">
      <Filter>Source Files\entities</Filter>
    </ClCompile>
    <ClCompile Include="entities\trigger_fog.cpp">
      <Filter>Source Files\entities</Filter>
    </ClCompile>
    <ClCompile Include="entities\multikiller.cpp">
      <Filter>Source Files\entities</Filter>
    </ClCompile>
    <ClCompile Include="entities\trigger_randomizer.cpp">
      <Filter>Source Files\entities</Filter>
    </ClCompile>
    <ClCompile Include="entities\env_ball.cpp">
      <Filter>Source Files\entities</Filter>
    </ClCompile>
    <ClCompile Include="entities\func_ball_catcher.cpp">
      <Filter>Source Files\entities</Filter>
    </ClCompile>
    <ClCompile Include="entities\player_customize.cpp">
      <Filter>Source Files\entities</Filter>
    </ClCompile>
    <ClCompile Include="entities\trigger_flashlight.cpp">
      <Filter>Source Files\entities</Filter>
    </ClCompile>
    <ClCompile Include="entities\achievement_handler.cpp">
      <Filter>Source Files\entities</Filter>
    </ClCompile>
    <ClCompile Include="entities\objective.cpp">
      <Filter>Source Files\entities</Filter>
    </ClCompile>
    <ClCompile Include="entities\player_counter.cpp">
      <Filter>Source Files\entities</Filter>
    </ClCompile>
    <ClCompile Include="entities\item_flare.cpp">
      <Filter>Source Files\entities</Filter>
    </ClCompile>
    <ClCompile Include="entities\prop_explosive_barrel.cpp">
      <Filter>Source Files\entities</Filter>
    </ClCompile>
    <ClCompile Include="entities\ammocrate.cpp">
      <Filter>Source Files\entities</Filter>
    </ClCompile>
    <ClCompile Include="game\schedule.cpp">
      <Filter>Source Files\game</Filter>
    </ClCompile>
    <ClCompile Include="game\scripted.cpp">
      <Filter>Source Files\game</Filter>
    </ClCompile>
    <ClCompile Include="monsters\entities\monster_cockroach.cpp">
      <Filter>Source Files\monsters</Filter>
    </ClCompile>
    <ClCompile Include="entities\func_pushable.cpp">
      <Filter>Source Files\entities</Filter>
    </ClCompile>
    <ClCompile Include="entities\func_breakable.cpp">
      <Filter>Source Files\entities</Filter>
    </ClCompile>
    <ClCompile Include="entities\pushablemaker.cpp">
      <Filter>Source Files\entities</Filter>
    </ClCompile>
    <ClCompile Include="entities\func_clock.cpp">
      <Filter>Source Files\entities</Filter>
    </ClCompile>
    <ClCompile Include="entities\func_conveyor.cpp">
      <Filter>Source Files\entities</Filter>
    </ClCompile>
    <ClCompile Include="entities\func_illusionary.cpp">
      <Filter>Source Files\entities</Filter>
    </ClCompile>
    <ClCompile Include="entities\func_monsterclip.cpp">
      <Filter>Source Files\entities</Filter>
    </ClCompile>
    <ClCompile Include="entities\func_light.cpp">
      <Filter>Source Files\entities</Filter>
    </ClCompile>
    <ClCompile Include="entities\func_pendulum.cpp">
      <Filter>Source Files\entities</Filter>
    </ClCompile>
    <ClCompile Include="entities\func_rotating.cpp">
      <Filter>Source Files\entities</Filter>
    </ClCompile>
    <ClCompile Include="entities\func_transporter.cpp">
      <Filter>Source Files\entities</Filter>
    </ClCompile>
    <ClCompile Include="entities\func_wall.cpp">
      <Filter>Source Files\entities</Filter>
    </ClCompile>
    <ClCompile Include="physics\NxUserStream.cpp">
      <Filter>Source Files\physics</Filter>
    </ClCompile>
    <ClCompile Include="physics\meshdesc.cpp">
      <Filter>Source Files\physics</Filter>
    </ClCompile>
    <ClCompile Include="physics\tracemesh.cpp">
      <Filter>Source Files\physics</Filter>
    </ClCompile>
    <ClCompile Include="physics\novodex.cpp">
      <Filter>Source Files\physics</Filter>
    </ClCompile>
    <ClCompile Include="physics\physic.cpp">
      <Filter>Source Files\physics</Filter>
    </ClCompile>
    <ClCompile Include="entities\hud_sprite_tutor.cpp">
      <Filter>Source Files\entities</Filter>
    </ClCompile>
    <ClCompile Include="entities\hud_sprite.cpp">
      <Filter>Source Files\entities</Filter>
    </ClCompile>
    <ClCompile Include="entities\info_intermission.cpp">
      <Filter>Source Files\entities</Filter>
    </ClCompile>
    <ClCompile Include="entities\player_loadsaved.cpp">
      <Filter>Source Files\entities</Filter>
    </ClCompile>
    <ClCompile Include="entities\player_weaponstrip.cpp">
      <Filter>Source Files\entities</Filter>
    </ClCompile>
    <ClCompile Include="entities\player_keycatcher.cpp">
      <Filter>Source Files\entities</Filter>
    </ClCompile>
    <ClCompile Include="entities\info_target.cpp">
      <Filter>Source Files\entities</Filter>
    </ClCompile>
    <ClCompile Include="entities\env_bubbles.cpp">
      <Filter>Source Files\entities</Filter>
    </ClCompile>
    <ClCompile Include="entities\env_glow.cpp">
      <Filter>Source Files\entities</Filter>
    </ClCompile>
    <ClCompile Include="entities\env_sprite.cpp">
      <Filter>Source Files\entities</Filter>
    </ClCompile>
    <ClCompile Include="entities\shooters.cpp">
      <Filter>Source Files\entities</Filter>
    </ClCompile>
    <ClCompile Include="entities\test_effect.cpp">
      <Filter>Source Files\entities</Filter>
    </ClCompile>
    <ClCompile Include="entities\env_blood.cpp">
      <Filter>Source Files\entities</Filter>
    </ClCompile>
    <ClCompile Include="entities\env_shake.cpp">
      <Filter>Source Files\entities</Filter>
    </ClCompile>
    <ClCompile Include="entities\env_fade.cpp">
      <Filter>Source Files\entities</Filter>
    </ClCompile>
    <ClCompile Include="entities\env_message.cpp">
      <Filter>Source Files\entities</Filter>
    </ClCompile>
    <ClCompile Include="entities\env_funnel.cpp">
      <Filter>Source Files\entities</Filter>
    </ClCompile>
    <ClCompile Include="entities\env_beverage.cpp">
      <Filter>Source Files\entities</Filter>
    </ClCompile>
    <ClCompile Include="entities\item_sodacan.cpp">
      <Filter>Source Files\entities</Filter>
    </ClCompile>
    <ClCompile Include="entities\env_sky.cpp">
      <Filter>Source Files\entities</Filter>
    </ClCompile>
    <ClCompile Include="entities\env_projector.cpp">
      <Filter>Source Files\entities</Filter>
    </ClCompile>
    <ClCompile Include="entities\env_dynlight.cpp">
      <Filter>Source Files\entities</Filter>
    </ClCompile>
    <ClCompile Include="entities\env_aurora.cpp">
      <Filter>Source Files\entities</Filter>
    </ClCompile>
    <ClCompile Include="entities\env_counter.cpp">
      <Filter>Source Files\entities</Filter>
    </ClCompile>
    <ClCompile Include="entities\env_model.cpp">
      <Filter>Source Files\entities</Filter>
    </ClCompile>
    <ClCompile Include="entities\env_static.cpp">
      <Filter>Source Files\entities</Filter>
    </ClCompile>
    <ClCompile Include="entities\env_warpball.cpp">
      <Filter>Source Files\entities</Filter>
    </ClCompile>
    <ClCompile Include="entities\env_rain.cpp">
      <Filter>Source Files\entities</Filter>
    </ClCompile>
    <ClCompile Include="entities\beams.cpp">
      <Filter>Source Files\entities</Filter>
    </ClCompile>
    <ClCompile Include="entities\env_angles.cpp">
      <Filter>Source Files\entities</Filter>
    </ClCompile>
    <ClCompile Include="weapons\weapon_sniper.cpp">
      <Filter>Source Files\weapons</Filter>
    </ClCompile>
    <ClCompile Include="entities\func_screenmovie.cpp">
      <Filter>Source Files\entities</Filter>
    </ClCompile>
    <ClCompile Include="entities\func_button.cpp">
      <Filter>Source Files\entities</Filter>
    </ClCompile>
    <ClCompile Include="entities\info_note_sprite.cpp">
      <Filter>Source Files\entities</Filter>
    </ClCompile>
    <ClCompile Include="monsters\squadmonster.cpp">
      <Filter>Source Files\monsters</Filter>
    </ClCompile>
    <ClCompile Include="entities\monster_flashlight.cpp">
      <Filter>Source Files\entities</Filter>
    </ClCompile>
    <ClCompile Include="entities\info_shader_params.cpp">
      <Filter>Source Files\entities</Filter>
    </ClCompile>
    <ClCompile Include="entities\func_rotating_client.cpp">
      <Filter>Source Files\entities</Filter>
    </ClCompile>
    <ClCompile Include="entities\trains.cpp">
      <Filter>Source Files\entities</Filter>
    </ClCompile>
    <ClCompile Include="entities\env_holdable.cpp">
      <Filter>Source Files\entities</Filter>
    </ClCompile>
    <ClCompile Include="weapons\weapon_shotgun_xm.cpp">
      <Filter>Source Files\weapons</Filter>
    </ClCompile>
    <ClCompile Include="entities\env_spark.cpp">
      <Filter>Source Files\entities</Filter>
    </ClCompile>
    <ClCompile Include="entities\ammoprinter.cpp">
      <Filter>Source Files\entities</Filter>
    </ClCompile>
    <ClCompile Include="weapons\weapon_g36c.cpp">
      <Filter>Source Files\weapons</Filter>
    </ClCompile>
    <ClCompile Include="entities\func_car.cpp">
      <Filter>Source Files\entities</Filter>
    </ClCompile>
    <ClCompile Include="entities\func_carblocker.cpp">
      <Filter>Source Files\entities</Filter>
    </ClCompile>
    <ClCompile Include="entities\func_boat.cpp">
      <Filter>Source Files\entities</Filter>
    </ClCompile>
    <ClCompile Include="entities\func_effect_water.cpp">
      <Filter>Source Files\entities</Filter>
    </ClCompile>
    <ClCompile Include="entities\func_helicopter.cpp">
      <Filter>Source Files\entities</Filter>
    </ClCompile>
    <ClCompile Include="entities\env_shockwave.cpp">
      <Filter>Source Files\entities</Filter>
    </ClCompile>
    <ClCompile Include="..\common\virtualfs.cpp">
      <Filter>Source Files</Filter>
    </ClCompile>
    <ClCompile Include="bot\bot.cpp">
      <Filter>Source Files\bot</Filter>
    </ClCompile>
    <ClCompile Include="bot\bot_combat.cpp">
      <Filter>Source Files\bot</Filter>
    </ClCompile>
    <ClCompile Include="entities\trigger_codeinput.cpp">
      <Filter>Source Files\entities</Filter>
    </ClCompile>
    <ClCompile Include="entities\func_smokevolume.cpp">
      <Filter>Source Files\entities</Filter>
    </ClCompile>
    <ClCompile Include="entities\loudness_restriction_relay.cpp">
      <Filter>Source Files\entities</Filter>
    </ClCompile>
    <ClCompile Include="entities\env_particle.cpp">
      <Filter>Source Files\entities</Filter>
    </ClCompile>
    <ClCompile Include="entities\env_bonus.cpp">
      <Filter>Source Files\entities</Filter>
    </ClCompile>
    <ClCompile Include="entities\env_cable.cpp">
      <Filter>Source Files\entities</Filter>
    </ClCompile>
    <ClCompile Include="entities\env_bubbles_new.cpp">
      <Filter>Source Files\entities</Filter>
    </ClCompile>
    <ClCompile Include="weapons\weapon_smokegrenade.cpp">
      <Filter>Source Files\weapons</Filter>
    </ClCompile>
    <ClCompile Include="entities\env_controller_adjuster.cpp">
      <Filter>Source Files\entities</Filter>
    </ClCompile>
    <ClCompile Include="user_messages.cpp">
      <Filter>Source Files\game</Filter>
    </ClCompile>
    <ClCompile Include="entities\env_particle_line.cpp">
      <Filter>Source Files\entities</Filter>
    </ClCompile>
    <ClCompile Include="ehandle.cpp">
      <Filter>Source Files</Filter>
    </ClCompile>
    <ClCompile Include="entities\env_volumetric_light.cpp">
      <Filter>Source Files\entities</Filter>
    </ClCompile>
    <ClCompile Include="entities\trigger_timer.cpp">
      <Filter>Source Files\entities</Filter>
    </ClCompile>
    <ClCompile Include="entities\env_sunlight_scale.cpp">
      <Filter>Source Files\entities</Filter>
    </ClCompile>
    <ClCompile Include="entities\trigger_puzzle.cpp">
      <Filter>Source Files\entities</Filter>
    </ClCompile>
    <ClCompile Include="entities\hint.cpp">
      <Filter>Source Files\entities</Filter>
    </ClCompile>
    <ClCompile Include="monsters\entities\monster_spidermine.cpp">
      <Filter>Source Files\monsters\entities</Filter>
    </ClCompile>
  </ItemGroup>
  <ItemGroup>
    <ClInclude Include="monsters\activity.h">
      <Filter>Header Files</Filter>
    </ClInclude>
    <ClInclude Include="monsters\activitymap.h">
      <Filter>Header Files</Filter>
    </ClInclude>
    <ClInclude Include="..\engine\alert.h">
      <Filter>Header Files</Filter>
    </ClInclude>
    <ClInclude Include="monsters\animation.h">
      <Filter>Header Files</Filter>
    </ClInclude>
    <ClInclude Include="..\engine\anorms.h">
      <Filter>Header Files</Filter>
    </ClInclude>
    <ClInclude Include="monsters\basemonster.h">
      <Filter>Header Files</Filter>
    </ClInclude>
    <ClInclude Include="cbase.h">
      <Filter>Header Files</Filter>
    </ClInclude>
    <ClInclude Include="..\engine\cdll_int.h">
      <Filter>Header Files</Filter>
    </ClInclude>
    <ClInclude Include="entities\CElectrifiedWire.h">
      <Filter>Header Files</Filter>
    </ClInclude>
    <ClInclude Include="game\client.h">
      <Filter>Header Files</Filter>
    </ClInclude>
    <ClInclude Include="physics\collision.h">
      <Filter>Header Files</Filter>
    </ClInclude>
    <ClInclude Include="entities\CRope.h">
      <Filter>Header Files</Filter>
    </ClInclude>
    <ClInclude Include="ropes\CRopeSample.h">
      <Filter>Header Files</Filter>
    </ClInclude>
    <ClInclude Include="entities\CRopeSegment.h">
      <Filter>Header Files</Filter>
    </ClInclude>
    <ClInclude Include="..\engine\custom.h">
      <Filter>Header Files</Filter>
    </ClInclude>
    <ClInclude Include="..\engine\customentity.h">
      <Filter>Header Files</Filter>
    </ClInclude>
    <ClInclude Include="decals.h">
      <Filter>Header Files</Filter>
    </ClInclude>
    <ClInclude Include="game\defaultai.h">
      <Filter>Header Files</Filter>
    </ClInclude>
    <ClInclude Include="..\game_shared\dmg_types.h">
      <Filter>Header Files</Filter>
    </ClInclude>
    <ClInclude Include="doors.h">
      <Filter>Header Files</Filter>
    </ClInclude>
    <ClInclude Include="..\engine\edict.h">
      <Filter>Header Files</Filter>
    </ClInclude>
    <ClInclude Include="effects.h">
      <Filter>Header Files</Filter>
    </ClInclude>
    <ClInclude Include="ehandle.h">
      <Filter>Header Files</Filter>
    </ClInclude>
    <ClInclude Include="..\engine\eiface.h">
      <Filter>Header Files</Filter>
    </ClInclude>
    <ClInclude Include="enginecallback.h">
      <Filter>Header Files</Filter>
    </ClInclude>
    <ClInclude Include="explode.h">
      <Filter>Header Files</Filter>
    </ClInclude>
    <ClInclude Include="extdll.h">
      <Filter>Header Files</Filter>
    </ClInclude>
    <ClInclude Include="monsters\flyingmonster.h">
      <Filter>Header Files</Filter>
    </ClInclude>
    <ClInclude Include="entities\func_break.h">
      <Filter>Header Files</Filter>
    </ClInclude>
    <ClInclude Include="game\game.h">
      <Filter>Header Files</Filter>
    </ClInclude>
    <ClInclude Include="game\gamerules.h">
      <Filter>Header Files</Filter>
    </ClInclude>
    <ClInclude Include="monsters\gearbox_weapons.h">
      <Filter>Header Files</Filter>
    </ClInclude>
    <ClInclude Include="monsters\hgrunt.h">
      <Filter>Header Files</Filter>
    </ClInclude>
    <ClInclude Include="items.h">
      <Filter>Header Files</Filter>
    </ClInclude>
    <ClInclude Include="..\engine\keydefs.h">
      <Filter>Header Files</Filter>
    </ClInclude>
    <ClInclude Include="..\game_shared\matrix.h">
      <Filter>Header Files</Filter>
    </ClInclude>
    <ClInclude Include="..\engine\menu_int.h">
      <Filter>Header Files</Filter>
    </ClInclude>
    <ClInclude Include="physics\meshdesc.h">
      <Filter>Header Files</Filter>
    </ClInclude>
    <ClInclude Include="monsters\monsterevent.h">
      <Filter>Header Files</Filter>
    </ClInclude>
    <ClInclude Include="monsters\monsters.h">
      <Filter>Header Files</Filter>
    </ClInclude>
    <ClInclude Include="movelist.h">
      <Filter>Header Files</Filter>
    </ClInclude>
    <ClInclude Include="monsters\nodes.h">
      <Filter>Header Files</Filter>
    </ClInclude>
    <ClInclude Include="physics\novodex.h">
      <Filter>Header Files</Filter>
    </ClInclude>
    <ClInclude Include="physics\NxUserStream.h">
      <Filter>Header Files</Filter>
    </ClInclude>
    <ClInclude Include="physics\physcallback.h">
      <Filter>Header Files</Filter>
    </ClInclude>
    <ClInclude Include="physics\physic.h">
      <Filter>Header Files</Filter>
    </ClInclude>
    <ClInclude Include="..\engine\physint.h">
      <Filter>Header Files</Filter>
    </ClInclude>
    <ClInclude Include="..\game_shared\plane.h">
      <Filter>Header Files</Filter>
    </ClInclude>
    <ClInclude Include="..\engine\progdefs.h">
      <Filter>Header Files</Filter>
    </ClInclude>
    <ClInclude Include="..\game_shared\randomrange.h">
      <Filter>Header Files</Filter>
    </ClInclude>
    <ClInclude Include="game\schedule.h">
      <Filter>Header Files</Filter>
    </ClInclude>
    <ClInclude Include="game\scripted.h">
      <Filter>Header Files</Filter>
    </ClInclude>
    <ClInclude Include="game\scriptevent.h">
      <Filter>Header Files</Filter>
    </ClInclude>
    <ClInclude Include="..\engine\shake.h">
      <Filter>Header Files</Filter>
    </ClInclude>
    <ClInclude Include="monsters\shock.h">
      <Filter>Header Files</Filter>
    </ClInclude>
    <ClInclude Include="game\skill.h">
      <Filter>Header Files</Filter>
    </ClInclude>
    <ClInclude Include="entities\soundent.h">
      <Filter>Header Files</Filter>
    </ClInclude>
    <ClInclude Include="game\spectator.h">
      <Filter>Header Files</Filter>
    </ClInclude>
    <ClInclude Include="..\engine\sprite.h">
      <Filter>Header Files</Filter>
    </ClInclude>
    <ClInclude Include="monsters\squad.h">
      <Filter>Header Files</Filter>
    </ClInclude>
    <ClInclude Include="monsters\squadmonster.h">
      <Filter>Header Files</Filter>
    </ClInclude>
    <ClInclude Include="..\game_shared\stringlib.h">
      <Filter>Header Files</Filter>
    </ClInclude>
    <ClInclude Include="strings_pool.h">
      <Filter>Header Files</Filter>
    </ClInclude>
    <ClInclude Include="monsters\talkmonster.h">
      <Filter>Header Files</Filter>
    </ClInclude>
    <ClInclude Include="game\teamplay_gamerules.h">
      <Filter>Header Files</Filter>
    </ClInclude>
    <ClInclude Include="physics\tracemesh.h">
      <Filter>Header Files</Filter>
    </ClInclude>
    <ClInclude Include="entities\trains.h">
      <Filter>Header Files</Filter>
    </ClInclude>
    <ClInclude Include="util.h">
      <Filter>Header Files</Filter>
    </ClInclude>
    <ClInclude Include="..\game_shared\utlarray.h">
      <Filter>Header Files</Filter>
    </ClInclude>
    <ClInclude Include="..\game_shared\utllinkedlist.h">
      <Filter>Header Files</Filter>
    </ClInclude>
    <ClInclude Include="..\game_shared\utlmemory.h">
      <Filter>Header Files</Filter>
    </ClInclude>
    <ClInclude Include="..\engine\warpsin.h">
      <Filter>Header Files</Filter>
    </ClInclude>
    <ClInclude Include="entities\triggers.h">
      <Filter>Header Files</Filter>
    </ClInclude>
    <ClInclude Include="weapons\weapons.h">
      <Filter>Header Files</Filter>
    </ClInclude>
    <ClInclude Include="player.h">
      <Filter>Header Files</Filter>
    </ClInclude>
    <ClInclude Include="game\saverestore.h">
      <Filter>Header Files</Filter>
    </ClInclude>
    <ClInclude Include="physics\NxErrorStream.h">
      <Filter>Header Files</Filter>
    </ClInclude>
    <ClInclude Include="clipfile.h">
      <Filter>Header Files</Filter>
    </ClInclude>
    <ClInclude Include="areanode.h">
      <Filter>Header Files</Filter>
    </ClInclude>
    <ClInclude Include="..\game_shared\achievementdata.h">
      <Filter>Header Files</Filter>
    </ClInclude>
    <ClInclude Include="bot\bot.h">
      <Filter>Header Files</Filter>
    </ClInclude>
    <ClInclude Include="entities\func_car.h">
      <Filter>Header Files</Filter>
    </ClInclude>
    <ClInclude Include="game\user_messages.h">
      <Filter>Header Files</Filter>
    </ClInclude>
    <ClInclude Include="buildtime.h">
      <Filter>Header Files</Filter>
    </ClInclude>
  </ItemGroup>
  <ItemGroup>
    <None Include="cpp.hint" />
  </ItemGroup>
</Project>